dependencies:
  esp_lcd_sh8601:
    dependencies: []
    source:
      path: C:\LifeLink\LifeLink_ESP32App\components\esp_lcd_sh8601
      type: local
    version: 1.0.0
  espressif/cmake_utilities:
    component_hash: 
      351350613ceafba240b761b4ea991e0f231ac7a9f59a9ee901f751bddc0bb18f
    dependencies:
    - name: idf
      require: private
      version: '>=4.1'
    source:
      registry_url: https://components.espressif.com/
      type: service
    version: 0.5.3
  espressif/esp-dsp:
    component_hash: 
      42dce32d46ac93dc11f60d368e29a830e9661c7345d794b8a45c343479cae636
    dependencies:
    - name: idf
      require: private
      version: '>=4.2'
    source:
      registry_url: https://components.espressif.com/
      type: service
    version: 1.7.0
  espressif/esp_lcd_touch:
    component_hash: 
      3f85a7d95af876f1a6ecca8eb90a81614890d0f03a038390804e5a77e2caf862
    dependencies:
    - name: idf
      require: private
      version: '>=4.4.2'
    source:
      registry_url: https://components.espressif.com
      type: service
    version: 1.2.1
  espressif/esp_lcd_touch_ft5x06:
    component_hash: 
      aa3f170c321859146b4084d5e168828d026cb7c67eebfaa524ce48b428182c1e
    dependencies:
    - name: espressif/esp_lcd_touch
      registry_url: https://components.espressif.com
      require: public
      version: ^1.2.0
    - name: idf
      require: private
      version: '>=4.4.2'
    source:
      registry_url: https://components.espressif.com/
      type: service
    version: 1.1.0
  idf:
    source:
      type: idf
    version: 5.5.2
  lvgl/lvgl:
    component_hash: 
      d7c1ac037ae6e85d94897f807d6e7ba0946a83e720074fc95a4f6241da9f9f53
    dependencies: []
    source:
      registry_url: https://components.espressif.com/
      type: service
    version: 8.4.0
direct_dependencies:
- espressif/cmake_utilities
- espressif/esp-dsp
- espressif/esp_lcd_sh8601
- espressif/esp_lcd_touch_ft5x06
- idf
- lvgl/lvgl
manifest_hash: 3f4fb49cd5ec492e57e53fbf2709e9fd27da87acc1aea100a9ce0223c3c4bb76
target: esp32s3
version: 2.0.0
